<?xml version="1.0" encoding="utf-8"?>
<Project ToolsVersion="4.0" xmlns="http://schemas.microsoft.com/developer/msbuild/2003">
  <ItemGroup>
    <Filter Include="Source Files">
      <UniqueIdentifier>{4FC737F1-C7A5-4376-A066-2A32D752A2FF}</UniqueIdentifier>
      <Extensions>cpp;c;cc;cxx;c++;cppm;ixx;def;odl;idl;hpj;bat;asm;asmx</Extensions>
    </Filter>
    <Filter Include="Header Files">
      <UniqueIdentifier>{93995380-89BD-4b04-88EB-625FBE52EBFB}</UniqueIdentifier>
      <Extensions>h;hh;hpp;hxx;h++;hm;inl;inc;ipp;xsd</Extensions>
    </Filter>
    <Filter Include="Resource Files">
      <UniqueIdentifier>{67DA6AB6-F800-4c08-8B7A-83BB121AAD01}</UniqueIdentifier>
      <Extensions>rc;ico;cur;bmp;dlg;rc2;rct;bin;rgs;gif;jpg;jpeg;jpe;resx;tiff;tif;png;wav;mfcribbon-ms</Extensions>
    </Filter>
  </ItemGroup>
  <ItemGroup>
    <ClInclude Include="version.h">
      <Filter>Header Files</Filter>
    </ClInclude>
    <ClInclude Include="DzHelpers.h">
      <Filter>Header Files</Filter>
    </ClInclude>
    <ClInclude Include="AbstractNodeBuilder.h">
      <Filter>Header Files</Filter>
    </ClInclude>
    <ClInclude Include="FbxToDazImporter.h">
      <Filter>Header Files</Filter>
    </ClInclude>
    <ClInclude Include="DzMeshNodeBuilder.h">
      <Filter>Header Files</Filter>
    </ClInclude>
    <ClInclude Include="DzNullNodeBuilder.h">
      <Filter>Header Files</Filter>
    </ClInclude>
    <ClInclude Include="DzNoOpBuilder.h">
      <Filter>Header Files</Filter>
    </ClInclude>
    <ClInclude Include="SummarySingleton.h">
      <Filter>Header Files</Filter>
    </ClInclude>
    <ClInclude Include="DzMaterialFactory.h">
      <Filter>Header Files</Filter>
    </ClInclude>
    <ClInclude Include="LongSummary.h">
      <Filter>Header Files</Filter>
    </ClInclude>
    <ClInclude Include="ShortSummary.h">
      <Filter>Header Files</Filter>
    </ClInclude>
    <ClInclude Include="Summary.h">
      <Filter>Header Files</Filter>
    </ClInclude>
    <ClInclude Include="VerboseSummary.h">
      <Filter>Header Files</Filter>
    </ClInclude>
    <ClInclude Include="MaterialPropertyEnum.h">
      <Filter>Header Files</Filter>
    </ClInclude>
    <ClInclude Include="DzBoneNodeBuilder.h">
      <Filter>Header Files</Filter>
    </ClInclude>
    <ClInclude Include="RiggingHandler.h">
      <Filter>Header Files</Filter>
    </ClInclude>
    <ClInclude Include="MTLParser.h">
      <Filter>Header Files</Filter>
    </ClInclude>
    <ClInclude Include="DzCameraNodeBuilder.h">
      <Filter>Header Files</Filter>
    </ClInclude>
    <ClInclude Include="DzLightNodeBuilder.h">
      <Filter>Header Files</Filter>
    </ClInclude>
  </ItemGroup>
  <ItemGroup>
    <ClCompile Include="pluginmain.cpp">
      <Filter>Source Files</Filter>
    </ClCompile>
    <ClCompile Include="mocs_compilation.cpp">
      <Filter>Source Files</Filter>
    </ClCompile>
    <ClCompile Include="FbxImporterPluginAction.cpp">
      <Filter>Source Files</Filter>
    </ClCompile>
    <ClCompile Include="Easyloggingpp\easylogging++.cc">
      <Filter>Resource Files</Filter>
    </ClCompile>
    <ClCompile Include="DzHelpers.cpp">
      <Filter>Source Files</Filter>
    </ClCompile>
    <ClCompile Include="FbxToDazImporter.cpp">
      <Filter>Source Files</Filter>
    </ClCompile>
    <ClCompile Include="AbstractNodeBuilder.cpp">
      <Filter>Source Files</Filter>
    </ClCompile>
    <ClCompile Include="DzMeshNodeBuilder.cpp">
      <Filter>Source Files</Filter>
    </ClCompile>
    <ClCompile Include="DzNullNodeBuilder.cpp">
      <Filter>Source Files</Filter>
    </ClCompile>
    <ClCompile Include="DzNoOpBuilder.cpp">
      <Filter>Source Files</Filter>
    </ClCompile>
    <ClCompile Include="SummarySingleton.cpp">
      <Filter>Source Files</Filter>
    </ClCompile>
    <ClCompile Include="DzMaterialFactory.cpp">
      <Filter>Source Files</Filter>
    </ClCompile>
    <ClCompile Include="LongSummary.cpp">
      <Filter>Source Files</Filter>
    </ClCompile>
    <ClCompile Include="ShortSummary.cpp">
      <Filter>Source Files</Filter>
    </ClCompile>
    <ClCompile Include="Summary.cpp">
      <Filter>Source Files</Filter>
    </ClCompile>
    <ClCompile Include="VerboseSummary.cpp">
      <Filter>Source Files</Filter>
    </ClCompile>
    <ClCompile Include="DzBoneNodeBuilder.cpp">
      <Filter>Source Files</Filter>
    </ClCompile>
    <ClCompile Include="RiggingHandler.cpp">
      <Filter>Source Files</Filter>
    </ClCompile>
    <ClCompile Include="MTLParser.cpp">
      <Filter>Source Files</Filter>
    </ClCompile>
    <ClCompile Include="DzCameraNodeBuilder.cpp">
      <Filter>Source Files</Filter>
    </ClCompile>
    <ClCompile Include="DzLightNodeBuilder.cpp">
      <Filter>Source Files</Filter>
    </ClCompile>
  </ItemGroup>
  <ItemGroup>
    <CustomBuild Include="FbxImporterPluginAction.h">
      <Filter>Header Files</Filter>
    </CustomBuild>
  </ItemGroup>
  <ItemGroup>
    <None Include="FbxImporter.def">
      <Filter>Source Files</Filter>
    </None>
    <None Include="FbxImporterClassDiagram.cd" />
  </ItemGroup>
</Project>